github.com/bold-commerce/go-shopify/v3 v3.17.0 h1:1qZenleSsJMVFh5hu6R2z2NfmWP5xG0P8MawePr46K0=
github.com/bold-commerce/go-shopify/v3 v3.17.0/go.mod h1:qOrEfYoy5RRO/PAq4vGyHW03NZmt2iX/fPGuaZwemtI=
github.com/bold-commerce/go-shopify/v4 v4.6.0 h1:TqCNix3Qk2pwMDkrN1ZXJ91c3TMiIbtIkAPyx94EUZA=
github.com/bold-commerce/go-shopify/v4 v4.6.0/go.mod h1:Sjg+C2CLNhYeCbwB6EedKgj2AHEBOP3ng+Eu1IfMf1U=
github.com/davecgh/go-spew v1.1.1/go.mod h1:J7Y8YcW2NihsgmVo/mv3lAwl/skON4iLHjSsI+c5H38=
github.com/google/go-cmp v0.5.2/go.mod h1:v8dTdLbMG2kIc/vJvl+f65V22dbkXbowE6jgT/gNBxE=
github.com/google/go-querystring v1.0.0 h1:Xkwi/a1rcvNg1PPYe5vI8GbeBY/jrVuDX5ASuANWTrk=
github.com/google/go-querystring v1.0.0/go.mod h1:odCYkC5MyYFN7vkCjXpyrEuKhc/BUO6wN/zVPAxq5ck=
github.com/google/go-querystring v1.1.0 h1:AnCroh3fv4ZBgVIf1Iwtovgjaw/GiKJo8M8yD/fhyJ8=
github.com/google/go-querystring v1.1.0/go.mod h1:Kcdr2DB4koayq7X8pmAG4sNG59So17icRSOU623lUBU=
github.com/jarcoal/httpmock v1.3.0/go.mod h1:3yb8rc4BI7TCBhFY8ng0gjuLKJNquuDNiPaZjnENuYg=
github.com/maxatome/go-testdeep v1.12.0/go.mod h1:lPZc/HAcJMP92l7yI6TRz1aZN5URwUBUAfUNvrclaNM=
github.com/shopspring/decimal v0.0.0-20200105231215-408a2507e114 h1:Pm6R878vxWWWR+Sa3ppsLce/Zq+JNTs6aVvRu13jv9A=
github.com/shopspring/decimal v0.0.0-20200105231215-408a2507e114/go.mod h1:DKyhrW/HYNuLGql+MJL6WCR6knT2jwCFRcu2hWCYk4o=
github.com/shopspring/decimal v1.4.0 h1:bxl37RwXBklmTi0C79JfXCEBD1cqqHt0bbgBAGFp81k=
github.com/shopspring/decimal v1.4.0/go.mod h1:gawqmDU56v4yIKSwfBSFip1HdCCXN8/+DMd9qYNcwME=
golang.org/x/xerrors v0.0.0-20191204190536-9bdfabe68543/go.mod h1:I/5z698sn9Ka8TeJc9MKroUUfqBBauWjQqLJ2OPfmY0=
